
Microsoft Visual Studio Solution File, Format Version 12.00
# Visual Studio 15
VisualStudioVersion = 15.0.27130.2026
MinimumVisualStudioVersion = 10.0.40219.1
Project("{8BC9CEB8-8B4A-11D0-8D11-00A0C91BC942}") = "API", "API\API.vcxproj", "{0C542226-AC62-47A7-B716-3FA333819023}"
EndProject
Global
	GlobalSection(SolutionConfigurationPlatforms) = preSolution
		Debug|x64 = Debug|x64
		Debug|x86 = Debug|x86
		Release|x64 = Release|x64
		Release|x86 = Release|x86
	EndGlobalSection
	GlobalSection(ProjectConfigurationPlatforms) = postSolution
		{0C542226-AC62-47A7-B716-3FA333819023}.Debug|x64.ActiveCfg = Debug|x64
		{0C542226-AC62-47A7-B716-3FA333819023}.Debug|x64.Build.0 = Debug|x64
		{0C542226-AC62-47A7-B716-3FA333819023}.Debug|x86.ActiveCfg = Debug|Win32
		{0C542226-AC62-47A7-B716-3FA333819023}.Debug|x86.Build.0 = Debug|Win32
		{0C542226-AC62-47A7-B716-3FA333819023}.Release|x64.ActiveCfg = Release|x64
		{0C542226-AC62-47A7-B716-3FA333819023}.Release|x64.Build.0 = Release|x64
		{0C542226-AC62-47A7-B716-3FA333819023}.Release|x86.ActiveCfg = Release|Win32
		{0C542226-AC62-47A7-B716-3FA333819023}.Release|x86.Build.0 = Release|Win32
	EndGlobalSection
	GlobalSection(SolutionProperties) = preSolution
		HideSolutionNode = FALSE
	EndGlobalSection
	GlobalSection(ExtensibilityGlobals) = postSolution
		SolutionGuid = {731E71C9-1FCE-4A1C-A521-6E17847FB3B9}
	EndGlobalSection
EndGlobal
